
Microsoft Visual Studio Solution File, Format Version 12.00
# Visual Studio 15
Project("{FAE04EC0-301F-11D3-BF4B-00C04F79EFBC}") = "Assembly-CSharp", "Assembly-CSharp.csproj", "{AA16F1A3-3846-763E-8D3D-3A4B2433A097}"
EndProject
Global
	GlobalSection(SolutionConfigurationPlatforms) = preSolution
		Debug|Any CPU = Debug|Any CPU
		Release|Any CPU = Release|Any CPU
	EndGlobalSection
	GlobalSection(ProjectConfigurationPlatforms) = postSolution
		{AA16F1A3-3846-763E-8D3D-3A4B2433A097}.Debug|Any CPU.ActiveCfg = Debug|Any CPU
		{AA16F1A3-3846-763E-8D3D-3A4B2433A097}.Debug|Any CPU.Build.0 = Debug|Any CPU
		{AA16F1A3-3846-763E-8D3D-3A4B2433A097}.Release|Any CPU.ActiveCfg = Release|Any CPU
		{AA16F1A3-3846-763E-8D3D-3A4B2433A097}.Release|Any CPU.Build.0 = Release|Any CPU
	EndGlobalSection
	GlobalSection(SolutionProperties) = preSolution
		HideSolutionNode = FALSE
	EndGlobalSection
EndGlobal
